
Microsoft Visual Studio Solution File, Format Version 12.00
# Visual Studio Version 17
VisualStudioVersion = 17.2.32519.379
MinimumVisualStudioVersion = 10.0.40219.1
Project("{FAE04EC0-301F-11D3-BF4B-00C04F79EFBC}") = "API_Interactive_Lab_1", "API_Interactive_Lab_1.csproj", "{FEF00EA2-6523-4383-AB50-0574CED5176E}"
EndProject
Global
	GlobalSection(SolutionConfigurationPlatforms) = preSolution
		Debug|Any CPU = Debug|Any CPU
		Release|Any CPU = Release|Any CPU
	EndGlobalSection
	GlobalSection(ProjectConfigurationPlatforms) = postSolution
		{FEF00EA2-6523-4383-AB50-0574CED5176E}.Debug|Any CPU.ActiveCfg = Debug|Any CPU
		{FEF00EA2-6523-4383-AB50-0574CED5176E}.Debug|Any CPU.Build.0 = Debug|Any CPU
		{FEF00EA2-6523-4383-AB50-0574CED5176E}.Release|Any CPU.ActiveCfg = Release|Any CPU
		{FEF00EA2-6523-4383-AB50-0574CED5176E}.Release|Any CPU.Build.0 = Release|Any CPU
	EndGlobalSection
	GlobalSection(SolutionProperties) = preSolution
		HideSolutionNode = FALSE
	EndGlobalSection
	GlobalSection(ExtensibilityGlobals) = postSolution
		SolutionGuid = {DBCDD80E-C9B0-4705-9FBC-F7C10CCE0BD4}
	EndGlobalSection
EndGlobal
